
Microsoft Visual Studio Solution File, Format Version 12.00
# Visual Studio Version 17
VisualStudioVersion = 17.2.32616.157
MinimumVisualStudioVersion = 10.0.40219.1
Project("{FAE04EC0-301F-11D3-BF4B-00C04F79EFBC}") = "calendar-api", "calendar-api\calendar-api.csproj", "{5D6D26F2-57F6-4108-8529-8DA4C8DB0963}"
EndProject
Global
	GlobalSection(SolutionConfigurationPlatforms) = preSolution
		Debug|Any CPU = Debug|Any CPU
		Release|Any CPU = Release|Any CPU
	EndGlobalSection
	GlobalSection(ProjectConfigurationPlatforms) = postSolution
		{5D6D26F2-57F6-4108-8529-8DA4C8DB0963}.Debug|Any CPU.ActiveCfg = Debug|Any CPU
		{5D6D26F2-57F6-4108-8529-8DA4C8DB0963}.Debug|Any CPU.Build.0 = Debug|Any CPU
		{5D6D26F2-57F6-4108-8529-8DA4C8DB0963}.Release|Any CPU.ActiveCfg = Release|Any CPU
		{5D6D26F2-57F6-4108-8529-8DA4C8DB0963}.Release|Any CPU.Build.0 = Release|Any CPU
	EndGlobalSection
	GlobalSection(SolutionProperties) = preSolution
		HideSolutionNode = FALSE
	EndGlobalSection
	GlobalSection(ExtensibilityGlobals) = postSolution
		SolutionGuid = {353C22D7-CC61-4FE4-9902-C5666805CD7D}
	EndGlobalSection
EndGlobal
